
Microsoft Visual Studio Solution File, Format Version 12.00
# Visual Studio Version 17
VisualStudioVersion = 17.8.34511.84
MinimumVisualStudioVersion = 10.0.40219.1
Project("{FAE04EC0-301F-11D3-BF4B-00C04F79EFBC}") = "MobiscrollExample", "MobiscrollExample\MobiscrollExample.csproj", "{1A20AD0E-3EA3-499A-845D-B73A0BCBC844}"
EndProject
Global
	GlobalSection(SolutionConfigurationPlatforms) = preSolution
		Debug|Any CPU = Debug|Any CPU
		Release|Any CPU = Release|Any CPU
	EndGlobalSection
	GlobalSection(ProjectConfigurationPlatforms) = postSolution
		{1A20AD0E-3EA3-499A-845D-B73A0BCBC844}.Debug|Any CPU.ActiveCfg = Debug|Any CPU
		{1A20AD0E-3EA3-499A-845D-B73A0BCBC844}.Debug|Any CPU.Build.0 = Debug|Any CPU
		{1A20AD0E-3EA3-499A-845D-B73A0BCBC844}.Release|Any CPU.ActiveCfg = Release|Any CPU
		{1A20AD0E-3EA3-499A-845D-B73A0BCBC844}.Release|Any CPU.Build.0 = Release|Any CPU
	EndGlobalSection
	GlobalSection(SolutionProperties) = preSolution
		HideSolutionNode = FALSE
	EndGlobalSection
	GlobalSection(ExtensibilityGlobals) = postSolution
		SolutionGuid = {3486C2CA-020C-4D61-B4A1-EBB551C94C06}
	EndGlobalSection
EndGlobal
